
Microsoft Visual Studio Solution File, Format Version 12.00
# Visual Studio Version 17
VisualStudioVersion = 17.10.35013.160
MinimumVisualStudioVersion = 10.0.40219.1
Project("{FAE04EC0-301F-11D3-BF4B-00C04F79EFBC}") = "DueDateCalulator", "DueDateCalulator\DueDateCalulator.csproj", "{96F4BD56-EC1A-49E8-9463-5ED13A5DDB45}"
EndProject
Project("{FAE04EC0-301F-11D3-BF4B-00C04F79EFBC}") = "DueDateTest", "DueDateTest\DueDateTest.csproj", "{0E6BE187-8B56-4BED-AB43-D73A8DDFC022}"
EndProject
Global
	GlobalSection(SolutionConfigurationPlatforms) = preSolution
		Debug|Any CPU = Debug|Any CPU
		Release|Any CPU = Release|Any CPU
	EndGlobalSection
	GlobalSection(ProjectConfigurationPlatforms) = postSolution
		{96F4BD56-EC1A-49E8-9463-5ED13A5DDB45}.Debug|Any CPU.ActiveCfg = Debug|Any CPU
		{96F4BD56-EC1A-49E8-9463-5ED13A5DDB45}.Debug|Any CPU.Build.0 = Debug|Any CPU
		{96F4BD56-EC1A-49E8-9463-5ED13A5DDB45}.Release|Any CPU.ActiveCfg = Release|Any CPU
		{96F4BD56-EC1A-49E8-9463-5ED13A5DDB45}.Release|Any CPU.Build.0 = Release|Any CPU
		{0E6BE187-8B56-4BED-AB43-D73A8DDFC022}.Debug|Any CPU.ActiveCfg = Debug|Any CPU
		{0E6BE187-8B56-4BED-AB43-D73A8DDFC022}.Debug|Any CPU.Build.0 = Debug|Any CPU
		{0E6BE187-8B56-4BED-AB43-D73A8DDFC022}.Release|Any CPU.ActiveCfg = Release|Any CPU
		{0E6BE187-8B56-4BED-AB43-D73A8DDFC022}.Release|Any CPU.Build.0 = Release|Any CPU
	EndGlobalSection
	GlobalSection(SolutionProperties) = preSolution
		HideSolutionNode = FALSE
	EndGlobalSection
	GlobalSection(ExtensibilityGlobals) = postSolution
		SolutionGuid = {4A5FD3CB-E8BE-41AE-B5AE-6386874ABDDC}
	EndGlobalSection
EndGlobal
